// !$*UTF8*$!
{
	archiveVersion = 1;
	classes = {
	};
	objectVersion = 46;
	objects = {

/* Begin PBXBuildFile section */
		6CBA4BD118CEA32E00588300 /* Foundation.framework in Frameworks */ = {isa = PBXBuildFile; fileRef = 6CBA4BD018CEA32E00588300 /* Foundation.framework */; };
		6CBA4BD318CEA32E00588300 /* CoreGraphics.framework in Frameworks */ = {isa = PBXBuildFile; fileRef = 6CBA4BD218CEA32E00588300 /* CoreGraphics.framework */; };
		6CBA4BD518CEA32E00588300 /* UIKit.framework in Frameworks */ = {isa = PBXBuildFile; fileRef = 6CBA4BD418CEA32E00588300 /* UIKit.framework */; };
		6CBA4BDB18CEA32E00588300 /* InfoPlist.strings in Resources */ = {isa = PBXBuildFile; fileRef = 6CBA4BD918CEA32E00588300 /* InfoPlist.strings */; };
		6CBA4BDD18CEA32E00588300 /* main.m in Sources */ = {isa = PBXBuildFile; fileRef = 6CBA4BDC18CEA32E00588300 /* main.m */; };
		6CBA4BE118CEA32E00588300 /* GPTAppDelegate.m in Sources */ = {isa = PBXBuildFile; fileRef = 6CBA4BE018CEA32E00588300 /* GPTAppDelegate.m */; };
		6CBA4BE418CEA32E00588300 /* Main_iPhone.storyboard in Resources */ = {isa = PBXBuildFile; fileRef = 6CBA4BE218CEA32E00588300 /* Main_iPhone.storyboard */; };
		6CBA4BE718CEA32E00588300 /* Main_iPad.storyboard in Resources */ = {isa = PBXBuildFile; fileRef = 6CBA4BE518CEA32E00588300 /* Main_iPad.storyboard */; };
		6CBA4BEA18CEA32E00588300 /* GPTViewController.m in Sources */ = {isa = PBXBuildFile; fileRef = 6CBA4BE918CEA32E00588300 /* GPTViewController.m */; };
		6CBA4BEC18CEA32E00588300 /* Images.xcassets in Resources */ = {isa = PBXBuildFile; fileRef = 6CBA4BEB18CEA32E00588300 /* Images.xcassets */; };
		6CBA4BF318CEA32E00588300 /* XCTest.framework in Frameworks */ = {isa = PBXBuildFile; fileRef = 6CBA4BF218CEA32E00588300 /* XCTest.framework */; };
		6CBA4BF418CEA32E00588300 /* Foundation.framework in Frameworks */ = {isa = PBXBuildFile; fileRef = 6CBA4BD018CEA32E00588300 /* Foundation.framework */; };
		6CBA4BF518CEA32E00588300 /* UIKit.framework in Frameworks */ = {isa = PBXBuildFile; fileRef = 6CBA4BD418CEA32E00588300 /* UIKit.framework */; };
		6CBA4BFD18CEA32E00588300 /* InfoPlist.strings in Resources */ = {isa = PBXBuildFile; fileRef = 6CBA4BFB18CEA32E00588300 /* InfoPlist.strings */; };
		6CBA4BFF18CEA32E00588300 /* GitAndPodsTestTests.m in Sources */ = {isa = PBXBuildFile; fileRef = 6CBA4BFE18CEA32E00588300 /* GitAndPodsTestTests.m */; };
/* End PBXBuildFile section */

/* Begin PBXContainerItemProxy section */
		6CBA4BF618CEA32E00588300 /* PBXContainerItemProxy */ = {
			isa = PBXContainerItemProxy;
			containerPortal = 6CBA4BC518CEA32E00588300 /* Project object */;
			proxyType = 1;
			remoteGlobalIDString = 6CBA4BCC18CEA32E00588300;
			remoteInfo = GitAndPodsTest;
		};
/* End PBXContainerItemProxy section */

/* Begin PBXFileReference section */
		6CBA4BCD18CEA32E00588300 /* GitAndPodsTest.app */ = {isa = PBXFileReference; explicitFileType = wrapper.application; includeInIndex = 0; path = GitAndPodsTest.app; sourceTree = BUILT_PRODUCTS_DIR; };
		6CBA4BD018CEA32E00588300 /* Foundation.framework */ = {isa = PBXFileReference; lastKnownFileType = wrapper.framework; name = Foundation.framework; path = System/Library/Frameworks/Foundation.framework; sourceTree = SDKROOT; };
		6CBA4BD218CEA32E00588300 /* CoreGraphics.framework */ = {isa = PBXFileReference; lastKnownFileType = wrapper.framework; name = CoreGraphics.framework; path = System/Library/Frameworks/CoreGraphics.framework; sourceTree = SDKROOT; };
		6CBA4BD418CEA32E00588300 /* UIKit.framework */ = {isa = PBXFileReference; lastKnownFileType = wrapper.framework; name = UIKit.framework; path = System/Library/Frameworks/UIKit.framework; sourceTree = SDKROOT; };
		6CBA4BD818CEA32E00588300 /* GitAndPodsTest-Info.plist */ = {isa = PBXFileReference; lastKnownFileType = text.plist.xml; path = "GitAndPodsTest-Info.plist"; sourceTree = "<group>"; };
		6CBA4BDA18CEA32E00588300 /* en */ = {isa = PBXFileReference; lastKnownFileType = text.plist.strings; name = en; path = en.lproj/InfoPlist.strings; sourceTree = "<group>"; };
		6CBA4BDC18CEA32E00588300 /* main.m */ = {isa = PBXFileReference; lastKnownFileType = sourcecode.c.objc; path = main.m; sourceTree = "<group>"; };
		6CBA4BDE18CEA32E00588300 /* GitAndPodsTest-Prefix.pch */ = {isa = PBXFileReference; lastKnownFileType = sourcecode.c.h; path = "GitAndPodsTest-Prefix.pch"; sourceTree = "<group>"; };
		6CBA4BDF18CEA32E00588300 /* GPTAppDelegate.h */ = {isa = PBXFileReference; lastKnownFileType = sourcecode.c.h; path = GPTAppDelegate.h; sourceTree = "<group>"; };
		6CBA4BE018CEA32E00588300 /* GPTAppDelegate.m */ = {isa = PBXFileReference; lastKnownFileType = sourcecode.c.objc; path = GPTAppDelegate.m; sourceTree = "<group>"; };
		6CBA4BE318CEA32E00588300 /* Base */ = {isa = PBXFileReference; lastKnownFileType = file.storyboard; name = Base; path = Base.lproj/Main_iPhone.storyboard; sourceTree = "<group>"; };
		6CBA4BE618CEA32E00588300 /* Base */ = {isa = PBXFileReference; lastKnownFileType = file.storyboard; name = Base; path = Base.lproj/Main_iPad.storyboard; sourceTree = "<group>"; };
		6CBA4BE818CEA32E00588300 /* GPTViewController.h */ = {isa = PBXFileReference; lastKnownFileType = sourcecode.c.h; path = GPTViewController.h; sourceTree = "<group>"; };
		6CBA4BE918CEA32E00588300 /* GPTViewController.m */ = {isa = PBXFileReference; lastKnownFileType = sourcecode.c.objc; path = GPTViewController.m; sourceTree = "<group>"; };
		6CBA4BEB18CEA32E00588300 /* Images.xcassets */ = {isa = PBXFileReference; lastKnownFileType = folder.assetcatalog; path = Images.xcassets; sourceTree = "<group>"; };
		6CBA4BF118CEA32E00588300 /* GitAndPodsTestTests.xctest */ = {isa = PBXFileReference; explicitFileType = wrapper.cfbundle; includeInIndex = 0; path = GitAndPodsTestTests.xctest; sourceTree = BUILT_PRODUCTS_DIR; };
		6CBA4BF218CEA32E00588300 /* XCTest.framework */ = {isa = PBXFileReference; lastKnownFileType = wrapper.framework; name = XCTest.framework; path = Library/Frameworks/XCTest.framework; sourceTree = DEVELOPER_DIR; };
		6CBA4BFA18CEA32E00588300 /* GitAndPodsTestTests-Info.plist */ = {isa = PBXFileReference; lastKnownFileType = text.plist.xml; path = "GitAndPodsTestTests-Info.plist"; sourceTree = "<group>"; };
		6CBA4BFC18CEA32E00588300 /* en */ = {isa = PBXFileReference; lastKnownFileType = text.plist.strings; name = en; path = en.lproj/InfoPlist.strings; sourceTree = "<group>"; };
		6CBA4BFE18CEA32E00588300 /* GitAndPodsTestTests.m */ = {isa = PBXFileReference; lastKnownFileType = sourcecode.c.objc; path = GitAndPodsTestTests.m; sourceTree = "<group>"; };
/* End PBXFileReference section */

/* Begin PBXFrameworksBuildPhase section */
		6CBA4BCA18CEA32E00588300 /* Frameworks */ = {
			isa = PBXFrameworksBuildPhase;
			buildActionMask = 2147483647;
			files = (
				6CBA4BD318CEA32E00588300 /* CoreGraphics.framework in Frameworks */,
				6CBA4BD518CEA32E00588300 /* UIKit.framework in Frameworks */,
				6CBA4BD118CEA32E00588300 /* Foundation.framework in Frameworks */,
			);
			runOnlyForDeploymentPostprocessing = 0;
		};
		6CBA4BEE18CEA32E00588300 /* Frameworks */ = {
			isa = PBXFrameworksBuildPhase;
			buildActionMask = 2147483647;
			files = (
				6CBA4BF318CEA32E00588300 /* XCTest.framework in Frameworks */,
				6CBA4BF518CEA32E00588300 /* UIKit.framework in Frameworks */,
				6CBA4BF418CEA32E00588300 /* Foundation.framework in Frameworks */,
			);
			runOnlyForDeploymentPostprocessing = 0;
		};
/* End PBXFrameworksBuildPhase section */

/* Begin PBXGroup section */
		6CBA4BC418CEA32E00588300 = {
			isa = PBXGroup;
			children = (
				6CBA4BD618CEA32E00588300 /* GitAndPodsTest */,
				6CBA4BF818CEA32E00588300 /* GitAndPodsTestTests */,
				6CBA4BCF18CEA32E00588300 /* Frameworks */,
				6CBA4BCE18CEA32E00588300 /* Products */,
			);
			sourceTree = "<group>";
		};
		6CBA4BCE18CEA32E00588300 /* Products */ = {
			isa = PBXGroup;
			children = (
				6CBA4BCD18CEA32E00588300 /* GitAndPodsTest.app */,
				6CBA4BF118CEA32E00588300 /* GitAndPodsTestTests.xctest */,
			);
			name = Products;
			sourceTree = "<group>";
		};
		6CBA4BCF18CEA32E00588300 /* Frameworks */ = {
			isa = PBXGroup;
			children = (
				6CBA4BD018CEA32E00588300 /* Foundation.framework */,
				6CBA4BD218CEA32E00588300 /* CoreGraphics.framework */,
				6CBA4BD418CEA32E00588300 /* UIKit.framework */,
				6CBA4BF218CEA32E00588300 /* XCTest.framework */,
			);
			name = Frameworks;
			sourceTree = "<group>";
		};
		6CBA4BD618CEA32E00588300 /* GitAndPodsTest */ = {
			isa = PBXGroup;
			children = (
				6CBA4BDF18CEA32E00588300 /* GPTAppDelegate.h */,
				6CBA4BE018CEA32E00588300 /* GPTAppDelegate.m */,
				6CBA4BE218CEA32E00588300 /* Main_iPhone.storyboard */,
				6CBA4BE518CEA32E00588300 /* Main_iPad.storyboard */,
				6CBA4BE818CEA32E00588300 /* GPTViewController.h */,
				6CBA4BE918CEA32E00588300 /* GPTViewController.m */,
				6CBA4BEB18CEA32E00588300 /* Images.xcassets */,
				6CBA4BD718CEA32E00588300 /* Supporting Files */,
			);
			path = GitAndPodsTest;
			sourceTree = "<group>";
		};
		6CBA4BD718CEA32E00588300 /* Supporting Files */ = {
			isa = PBXGroup;
			children = (
				6CBA4BD818CEA32E00588300 /* GitAndPodsTest-Info.plist */,
				6CBA4BD918CEA32E00588300 /* InfoPlist.strings */,
				6CBA4BDC18CEA32E00588300 /* main.m */,
				6CBA4BDE18CEA32E00588300 /* GitAndPodsTest-Prefix.pch */,
			);
			name = "Supporting Files";
			sourceTree = "<group>";
		};
		6CBA4BF818CEA32E00588300 /* GitAndPodsTestTests */ = {
			isa = PBXGroup;
			children = (
				6CBA4BFE18CEA32E00588300 /* GitAndPodsTestTests.m */,
				6CBA4BF918CEA32E00588300 /* Supporting Files */,
			);
			path = GitAndPodsTestTests;
			sourceTree = "<group>";
		};
		6CBA4BF918CEA32E00588300 /* Supporting Files */ = {
			isa = PBXGroup;
			children = (
				6CBA4BFA18CEA32E00588300 /* GitAndPodsTestTests-Info.plist */,
				6CBA4BFB18CEA32E00588300 /* InfoPlist.strings */,
			);
			name = "Supporting Files";
			sourceTree = "<group>";
		};
/* End PBXGroup section */

/* Begin PBXNativeTarget section */
		6CBA4BCC18CEA32E00588300 /* GitAndPodsTest */ = {
			isa = PBXNativeTarget;
			buildConfigurationList = 6CBA4C0218CEA32E00588300 /* Build configuration list for PBXNativeTarget "GitAndPodsTest" */;
			buildPhases = (
				6CBA4BC918CEA32E00588300 /* Sources */,
				6CBA4BCA18CEA32E00588300 /* Frameworks */,
				6CBA4BCB18CEA32E00588300 /* Resources */,
			);
			buildRules = (
			);
			dependencies = (
			);
			name = GitAndPodsTest;
			productName = GitAndPodsTest;
			productReference = 6CBA4BCD18CEA32E00588300 /* GitAndPodsTest.app */;
			productType = "com.apple.product-type.application";
		};
		6CBA4BF018CEA32E00588300 /* GitAndPodsTestTests */ = {
			isa = PBXNativeTarget;
			buildConfigurationList = 6CBA4C0518CEA32E00588300 /* Build configuration list for PBXNativeTarget "GitAndPodsTestTests" */;
			buildPhases = (
				6CBA4BED18CEA32E00588300 /* Sources */,
				6CBA4BEE18CEA32E00588300 /* Frameworks */,
				6CBA4BEF18CEA32E00588300 /* Resources */,
			);
			buildRules = (
			);
			dependencies = (
				6CBA4BF718CEA32E00588300 /* PBXTargetDependency */,
			);
			name = GitAndPodsTestTests;
			productName = GitAndPodsTestTests;
			productReference = 6CBA4BF118CEA32E00588300 /* GitAndPodsTestTests.xctest */;
			productType = "com.apple.product-type.bundle.unit-test";
		};
/* End PBXNativeTarget section */

/* Begin PBXProject section */
		6CBA4BC518CEA32E00588300 /* Project object */ = {
			isa = PBXProject;
			attributes = {
				CLASSPREFIX = GPT;
				LastUpgradeCheck = 0500;
				ORGANIZATIONNAME = "Geoffrey Owens";
				TargetAttributes = {
					6CBA4BF018CEA32E00588300 = {
						TestTargetID = 6CBA4BCC18CEA32E00588300;
					};
				};
			};
			buildConfigurationList = 6CBA4BC818CEA32E00588300 /* Build configuration list for PBXProject "GitAndPodsTest" */;
			compatibilityVersion = "Xcode 3.2";
			developmentRegion = English;
			hasScannedForEncodings = 0;
			knownRegions = (
				en,
				Base,
			);
			mainGroup = 6CBA4BC418CEA32E00588300;
			productRefGroup = 6CBA4BCE18CEA32E00588300 /* Products */;
			projectDirPath = "";
			projectRoot = "";
			targets = (
				6CBA4BCC18CEA32E00588300 /* GitAndPodsTest */,
				6CBA4BF018CEA32E00588300 /* GitAndPodsTestTests */,
			);
		};
/* End PBXProject section */

/* Begin PBXResourcesBuildPhase section */
		6CBA4BCB18CEA32E00588300 /* Resources */ = {
			isa = PBXResourcesBuildPhase;
			buildActionMask = 2147483647;
			files = (
				6CBA4BE718CEA32E00588300 /* Main_iPad.storyboard in Resources */,
				6CBA4BEC18CEA32E00588300 /* Images.xcassets in Resources */,
				6CBA4BE418CEA32E00588300 /* Main_iPhone.storyboard in Resources */,
				6CBA4BDB18CEA32E00588300 /* InfoPlist.strings in Resources */,
			);
			runOnlyForDeploymentPostprocessing = 0;
		};
		6CBA4BEF18CEA32E00588300 /* Resources */ = {
			isa = PBXResourcesBuildPhase;
			buildActionMask = 2147483647;
			files = (
				6CBA4BFD18CEA32E00588300 /* InfoPlist.strings in Resources */,
			);
			runOnlyForDeploymentPostprocessing = 0;
		};
/* End PBXResourcesBuildPhase section */

/* Begin PBXSourcesBuildPhase section */
		6CBA4BC918CEA32E00588300 /* Sources */ = {
			isa = PBXSourcesBuildPhase;
			buildActionMask = 2147483647;
			files = (
				6CBA4BE118CEA32E00588300 /* GPTAppDelegate.m in Sources */,
				6CBA4BEA18CEA32E00588300 /* GPTViewController.m in Sources */,
				6CBA4BDD18CEA32E00588300 /* main.m in Sources */,
			);
			runOnlyForDeploymentPostprocessing = 0;
		};
		6CBA4BED18CEA32E00588300 /* Sources */ = {
			isa = PBXSourcesBuildPhase;
			buildActionMask = 2147483647;
			files = (
				6CBA4BFF18CEA32E00588300 /* GitAndPodsTestTests.m in Sources */,
			);
			runOnlyForDeploymentPostprocessing = 0;
		};
/* End PBXSourcesBuildPhase section */

/* Begin PBXTargetDependency section */
		6CBA4BF718CEA32E00588300 /* PBXTargetDependency */ = {
			isa = PBXTargetDependency;
			target = 6CBA4BCC18CEA32E00588300 /* GitAndPodsTest */;
			targetProxy = 6CBA4BF618CEA32E00588300 /* PBXContainerItemProxy */;
		};
/* End PBXTargetDependency section */

/* Begin PBXVariantGroup section */
		6CBA4BD918CEA32E00588300 /* InfoPlist.strings */ = {
			isa = PBXVariantGroup;
			children = (
				6CBA4BDA18CEA32E00588300 /* en */,
			);
			name = InfoPlist.strings;
			sourceTree = "<group>";
		};
		6CBA4BE218CEA32E00588300 /* Main_iPhone.storyboard */ = {
			isa = PBXVariantGroup;
			children = (
				6CBA4BE318CEA32E00588300 /* Base */,
			);
			name = Main_iPhone.storyboard;
			sourceTree = "<group>";
		};
		6CBA4BE518CEA32E00588300 /* Main_iPad.storyboard */ = {
			isa = PBXVariantGroup;
			children = (
				6CBA4BE618CEA32E00588300 /* Base */,
			);
			name = Main_iPad.storyboard;
			sourceTree = "<group>";
		};
		6CBA4BFB18CEA32E00588300 /* InfoPlist.strings */ = {
			isa = PBXVariantGroup;
			children = (
				6CBA4BFC18CEA32E00588300 /* en */,
			);
			name = InfoPlist.strings;
			sourceTree = "<group>";
		};
/* End PBXVariantGroup section */

/* Begin XCBuildConfiguration section */
		6CBA4C0018CEA32E00588300 /* Debug */ = {
			isa = XCBuildConfiguration;
			buildSettings = {
				ALWAYS_SEARCH_USER_PATHS = NO;
				ARCHS = "$(ARCHS_STANDARD_INCLUDING_64_BIT)";
				CLANG_CXX_LANGUAGE_STANDARD = "gnu++0x";
				CLANG_CXX_LIBRARY = "libc++";
				CLANG_ENABLE_MODULES = YES;
				CLANG_ENABLE_OBJC_ARC = YES;
				CLANG_WARN_BOOL_CONVERSION = YES;
				CLANG_WARN_CONSTANT_CONVERSION = YES;
				CLANG_WARN_DIRECT_OBJC_ISA_USAGE = YES_ERROR;
				CLANG_WARN_EMPTY_BODY = YES;
				CLANG_WARN_ENUM_CONVERSION = YES;
				CLANG_WARN_INT_CONVERSION = YES;
				CLANG_WARN_OBJC_ROOT_CLASS = YES_ERROR;
				CLANG_WARN__DUPLICATE_METHOD_MATCH = YES;
				"CODE_SIGN_IDENTITY[sdk=iphoneos*]" = "iPhone Developer";
				COPY_PHASE_STRIP = NO;
				GCC_C_LANGUAGE_STANDARD = gnu99;
				GCC_DYNAMIC_NO_PIC = NO;
				GCC_OPTIMIZATION_LEVEL = 0;
				GCC_PREPROCESSOR_DEFINITIONS = (
					"DEBUG=1",
					"$(inherited)",
				);
				GCC_SYMBOLS_PRIVATE_EXTERN = NO;
				GCC_WARN_64_TO_32_BIT_CONVERSION = YES;
				GCC_WARN_ABOUT_RETURN_TYPE = YES_ERROR;
				GCC_WARN_UNDECLARED_SELECTOR = YES;
				GCC_WARN_UNINITIALIZED_AUTOS = YES;
				GCC_WARN_UNUSED_FUNCTION = YES;
				GCC_WARN_UNUSED_VARIABLE = YES;
				IPHONEOS_DEPLOYMENT_TARGET = 7.0;
				ONLY_ACTIVE_ARCH = YES;
				SDKROOT = iphoneos;
				TARGETED_DEVICE_FAMILY = "1,2";
			};
			name = Debug;
		};
		6CBA4C0118CEA32E00588300 /* Release */ = {
			isa = XCBuildConfiguration;
			buildSettings = {
				ALWAYS_SEARCH_USER_PATHS = NO;
				ARCHS = "$(ARCHS_STANDARD_INCLUDING_64_BIT)";
				CLANG_CXX_LANGUAGE_STANDARD = "gnu++0x";
				CLANG_CXX_LIBRARY = "libc++";
				CLANG_ENABLE_MODULES = YES;
				CLANG_ENABLE_OBJC_ARC = YES;
				CLANG_WARN_BOOL_CONVERSION = YES;
				CLANG_WARN_CONSTANT_CONVERSION = YES;
				CLANG_WARN_DIRECT_OBJC_ISA_USAGE = YES_ERROR;
				CLANG_WARN_EMPTY_BODY = YES;
				CLANG_WARN_ENUM_CONVERSION = YES;
				CLANG_WARN_INT_CONVERSION = YES;
				CLANG_WARN_OBJC_ROOT_CLASS = YES_ERROR;
				CLANG_WARN__DUPLICATE_METHOD_MATCH = YES;
				"CODE_SIGN_IDENTITY[sdk=iphoneos*]" = "iPhone Developer";
				COPY_PHASE_STRIP = YES;
				ENABLE_NS_ASSERTIONS = NO;
				GCC_C_LANGUAGE_STANDARD = gnu99;
				GCC_WARN_64_TO_32_BIT_CONVERSION = YES;
				GCC_WARN_ABOUT_RETURN_TYPE = YES_ERROR;
				GCC_WARN_UNDECLARED_SELECTOR = YES;
				GCC_WARN_UNINITIALIZED_AUTOS = YES;
				GCC_WARN_UNUSED_FUNCTION = YES;
				GCC_WARN_UNUSED_VARIABLE = YES;
				IPHONEOS_DEPLOYMENT_TARGET = 7.0;
				SDKROOT = iphoneos;
				TARGETED_DEVICE_FAMILY = "1,2";
				VALIDATE_PRODUCT = YES;
			};
			name = Release;
		};
		6CBA4C0318CEA32E00588300 /* Debug */ = {
			isa = XCBuildConfiguration;
			buildSettings = {
				ASSETCATALOG_COMPILER_APPICON_NAME = AppIcon;
				ASSETCATALOG_COMPILER_LAUNCHIMAGE_NAME = LaunchImage;
				GCC_PRECOMPILE_PREFIX_HEADER = YES;
				GCC_PREFIX_HEADER = "GitAndPodsTest/GitAndPodsTest-Prefix.pch";
				INFOPLIST_FILE = "GitAndPodsTest/GitAndPodsTest-Info.plist";
				PRODUCT_NAME = "$(TARGET_NAME)";
				WRAPPER_EXTENSION = app;
			};
			name = Debug;
		};
		6CBA4C0418CEA32E00588300 /* Release */ = {
			isa = XCBuildConfiguration;
			buildSettings = {
				ASSETCATALOG_COMPILER_APPICON_NAME = AppIcon;
				ASSETCATALOG_COMPILER_LAUNCHIMAGE_NAME = LaunchImage;
				GCC_PRECOMPILE_PREFIX_HEADER = YES;
				GCC_PREFIX_HEADER = "GitAndPodsTest/GitAndPodsTest-Prefix.pch";
				INFOPLIST_FILE = "GitAndPodsTest/GitAndPodsTest-Info.plist";
				PRODUCT_NAME = "$(TARGET_NAME)";
				WRAPPER_EXTENSION = app;
			};
			name = Release;
		};
		6CBA4C0618CEA32E00588300 /* Debug */ = {
			isa = XCBuildConfiguration;
			buildSettings = {
				ARCHS = "$(ARCHS_STANDARD_INCLUDING_64_BIT)";
				BUNDLE_LOADER = "$(BUILT_PRODUCTS_DIR)/GitAndPodsTest.app/GitAndPodsTest";
				FRAMEWORK_SEARCH_PATHS = (
					"$(SDKROOT)/Developer/Library/Frameworks",
					"$(inherited)",
					"$(DEVELOPER_FRAMEWORKS_DIR)",
				);
				GCC_PRECOMPILE_PREFIX_HEADER = YES;
				GCC_PREFIX_HEADER = "GitAndPodsTest/GitAndPodsTest-Prefix.pch";
				GCC_PREPROCESSOR_DEFINITIONS = (
					"DEBUG=1",
					"$(inherited)",
				);
				INFOPLIST_FILE = "GitAndPodsTestTests/GitAndPodsTestTests-Info.plist";
				PRODUCT_NAME = "$(TARGET_NAME)";
				TEST_HOST = "$(BUNDLE_LOADER)";
				WRAPPER_EXTENSION = xctest;
			};
			name = Debug;
		};
		6CBA4C0718CEA32E00588300 /* Release */ = {
			isa = XCBuildConfiguration;
			buildSettings = {
				ARCHS = "$(ARCHS_STANDARD_INCLUDING_64_BIT)";
				BUNDLE_LOADER = "$(BUILT_PRODUCTS_DIR)/GitAndPodsTest.app/GitAndPodsTest";
				FRAMEWORK_SEARCH_PATHS = (
					"$(SDKROOT)/Developer/Library/Frameworks",
					"$(inherited)",
					"$(DEVELOPER_FRAMEWORKS_DIR)",
				);
				GCC_PRECOMPILE_PREFIX_HEADER = YES;
				GCC_PREFIX_HEADER = "GitAndPodsTest/GitAndPodsTest-Prefix.pch";
				INFOPLIST_FILE = "GitAndPodsTestTests/GitAndPodsTestTests-Info.plist";
				PRODUCT_NAME = "$(TARGET_NAME)";
				TEST_HOST = "$(BUNDLE_LOADER)";
				WRAPPER_EXTENSION = xctest;
			};
			name = Release;
		};
/* End XCBuildConfiguration section */

/* Begin XCConfigurationList section */
		6CBA4BC818CEA32E00588300 /* Build configuration list for PBXProject "GitAndPodsTest" */ = {
			isa = XCConfigurationList;
			buildConfigurations = (
				6CBA4C0018CEA32E00588300 /* Debug */,
				6CBA4C0118CEA32E00588300 /* Release */,
			);
			defaultConfigurationIsVisible = 0;
			defaultConfigurationName = Release;
		};
		6CBA4C0218CEA32E00588300 /* Build configuration list for PBXNativeTarget "GitAndPodsTest" */ = {
			isa = XCConfigurationList;
			buildConfigurations = (
				6CBA4C0318CEA32E00588300 /* Debug */,
				6CBA4C0418CEA32E00588300 /* Release */,
			);
			defaultConfigurationIsVisible = 0;
		};
		6CBA4C0518CEA32E00588300 /* Build configuration list for PBXNativeTarget "GitAndPodsTestTests" */ = {
			isa = XCConfigurationList;
			buildConfigurations = (
				6CBA4C0618CEA32E00588300 /* Debug */,
				6CBA4C0718CEA32E00588300 /* Release */,
			);
			defaultConfigurationIsVisible = 0;
		};
/* End XCConfigurationList section */
	};
	rootObject = 6CBA4BC518CEA32E00588300 /* Project object */;
}
